{
  "nodes": {
    "nixlib": {
      "locked": {
        "lastModified": 1687654967,
        "narHash": "sha256-ki8vItcjn8Z8n+QD9NEoCQbbbG7VzWy71hyOkFFwCkM=",
        "owner": "nix-community",
        "repo": "nixpkgs.lib",
        "rev": "b3ec8fb525fc0c8f08eff5ef93c684b4c6d0e777",
        "type": "github"
      },
      "original": {
        "owner": "nix-community",
        "repo": "nixpkgs.lib",
        "type": "github"
      }
    },
    "nixos-generators": {
      "inputs": {
        "nixlib": "nixlib",
        "nixpkgs": [
          "nixpkgs"
        ]
      },
      "locked": {
        "lastModified": 1687743756,
        "narHash": "sha256-WhDERdaMGX73CBxpDfoauKU2Z4NC10+/4khdBbpXjWs=",
        "owner": "nix-community",
        "repo": "nixos-generators",
        "rev": "844ce2ab9a0ba819b30df1fff2c48c9b2b2344be",
        "type": "github"
      },
      "original": {
        "owner": "nix-community",
        "repo": "nixos-generators",
        "type": "github"
      }
    },
    "nixpkgs": {
      "locked": {
        "lastModified": 1685566663,
        "narHash": "sha256-btHN1czJ6rzteeCuE/PNrdssqYD2nIA4w48miQAFloM=",
        "owner": "NixOS",
        "repo": "nixpkgs",
        "rev": "4ecab3273592f27479a583fb6d975d4aba3486fe",
        "type": "github"
      },
      "original": {
        "owner": "NixOS",
        "ref": "23.05",
        "repo": "nixpkgs",
        "type": "github"
      }
    },
    "root": {
      "inputs": {
        "nixos-generators": "nixos-generators",
        "nixpkgs": "nixpkgs"
      }
    }
  },
  "root": "root",
  "version": 7
}
